
Microsoft Visual Studio Solution File, Format Version 12.00
# Visual Studio 15
VisualStudioVersion = 15.0.28010.2046
MinimumVisualStudioVersion = 10.0.40219.1
Project("{FAE04EC0-301F-11D3-BF4B-00C04F79EFBC}") = "FibonacciOrnek", "FibonacciOrnek\FibonacciOrnek.csproj", "{172D69EC-59B6-4B2B-BFEE-820F2C7398E7}"
EndProject
Global
	GlobalSection(SolutionConfigurationPlatforms) = preSolution
		Debug|Any CPU = Debug|Any CPU
		Release|Any CPU = Release|Any CPU
	EndGlobalSection
	GlobalSection(ProjectConfigurationPlatforms) = postSolution
		{172D69EC-59B6-4B2B-BFEE-820F2C7398E7}.Debug|Any CPU.ActiveCfg = Debug|Any CPU
		{172D69EC-59B6-4B2B-BFEE-820F2C7398E7}.Debug|Any CPU.Build.0 = Debug|Any CPU
		{172D69EC-59B6-4B2B-BFEE-820F2C7398E7}.Release|Any CPU.ActiveCfg = Release|Any CPU
		{172D69EC-59B6-4B2B-BFEE-820F2C7398E7}.Release|Any CPU.Build.0 = Release|Any CPU
	EndGlobalSection
	GlobalSection(SolutionProperties) = preSolution
		HideSolutionNode = FALSE
	EndGlobalSection
	GlobalSection(ExtensibilityGlobals) = postSolution
		SolutionGuid = {BA54C72F-16D6-4E6B-91D2-7337A4E96838}
	EndGlobalSection
EndGlobal
