
Microsoft Visual Studio Solution File, Format Version 12.00
# Visual Studio 15
VisualStudioVersion = 15.0.28010.2046
MinimumVisualStudioVersion = 10.0.40219.1
Project("{FAE04EC0-301F-11D3-BF4B-00C04F79EFBC}") = "WhileDongusu", "WhileDongusu\WhileDongusu.csproj", "{5BADFF2A-D670-48E8-9DC1-1AC5957439A5}"
EndProject
Global
	GlobalSection(SolutionConfigurationPlatforms) = preSolution
		Debug|Any CPU = Debug|Any CPU
		Release|Any CPU = Release|Any CPU
	EndGlobalSection
	GlobalSection(ProjectConfigurationPlatforms) = postSolution
		{5BADFF2A-D670-48E8-9DC1-1AC5957439A5}.Debug|Any CPU.ActiveCfg = Debug|Any CPU
		{5BADFF2A-D670-48E8-9DC1-1AC5957439A5}.Debug|Any CPU.Build.0 = Debug|Any CPU
		{5BADFF2A-D670-48E8-9DC1-1AC5957439A5}.Release|Any CPU.ActiveCfg = Release|Any CPU
		{5BADFF2A-D670-48E8-9DC1-1AC5957439A5}.Release|Any CPU.Build.0 = Release|Any CPU
	EndGlobalSection
	GlobalSection(SolutionProperties) = preSolution
		HideSolutionNode = FALSE
	EndGlobalSection
	GlobalSection(ExtensibilityGlobals) = postSolution
		SolutionGuid = {2335A168-28DA-4A80-BC1E-EB399A3B6125}
	EndGlobalSection
EndGlobal
