
Microsoft Visual Studio Solution File, Format Version 12.00
# Visual Studio 15
VisualStudioVersion = 15.0.28010.2046
MinimumVisualStudioVersion = 10.0.40219.1
Project("{FAE04EC0-301F-11D3-BF4B-00C04F79EFBC}") = "MenuStripOrnek", "MenuStripOrnek\MenuStripOrnek.csproj", "{8F924C8A-AA5C-4ABE-BF1C-1D9846DCDEEF}"
EndProject
Global
	GlobalSection(SolutionConfigurationPlatforms) = preSolution
		Debug|Any CPU = Debug|Any CPU
		Release|Any CPU = Release|Any CPU
	EndGlobalSection
	GlobalSection(ProjectConfigurationPlatforms) = postSolution
		{8F924C8A-AA5C-4ABE-BF1C-1D9846DCDEEF}.Debug|Any CPU.ActiveCfg = Debug|Any CPU
		{8F924C8A-AA5C-4ABE-BF1C-1D9846DCDEEF}.Debug|Any CPU.Build.0 = Debug|Any CPU
		{8F924C8A-AA5C-4ABE-BF1C-1D9846DCDEEF}.Release|Any CPU.ActiveCfg = Release|Any CPU
		{8F924C8A-AA5C-4ABE-BF1C-1D9846DCDEEF}.Release|Any CPU.Build.0 = Release|Any CPU
	EndGlobalSection
	GlobalSection(SolutionProperties) = preSolution
		HideSolutionNode = FALSE
	EndGlobalSection
	GlobalSection(ExtensibilityGlobals) = postSolution
		SolutionGuid = {F64FB222-06E3-4A0B-BD20-08C1927DDFEF}
	EndGlobalSection
EndGlobal
