
Microsoft Visual Studio Solution File, Format Version 12.00
# Visual Studio 15
VisualStudioVersion = 15.0.28010.2046
MinimumVisualStudioVersion = 10.0.40219.1
Project("{FAE04EC0-301F-11D3-BF4B-00C04F79EFBC}") = "MatematikHesaplamalari", "MatematikHesaplamalari\MatematikHesaplamalari.csproj", "{D1676CEF-307F-4842-92FC-9D5173FE7DE5}"
EndProject
Global
	GlobalSection(SolutionConfigurationPlatforms) = preSolution
		Debug|Any CPU = Debug|Any CPU
		Release|Any CPU = Release|Any CPU
	EndGlobalSection
	GlobalSection(ProjectConfigurationPlatforms) = postSolution
		{D1676CEF-307F-4842-92FC-9D5173FE7DE5}.Debug|Any CPU.ActiveCfg = Debug|Any CPU
		{D1676CEF-307F-4842-92FC-9D5173FE7DE5}.Debug|Any CPU.Build.0 = Debug|Any CPU
		{D1676CEF-307F-4842-92FC-9D5173FE7DE5}.Release|Any CPU.ActiveCfg = Release|Any CPU
		{D1676CEF-307F-4842-92FC-9D5173FE7DE5}.Release|Any CPU.Build.0 = Release|Any CPU
	EndGlobalSection
	GlobalSection(SolutionProperties) = preSolution
		HideSolutionNode = FALSE
	EndGlobalSection
	GlobalSection(ExtensibilityGlobals) = postSolution
		SolutionGuid = {F3610210-731F-46CE-9EC0-4133228CE23E}
	EndGlobalSection
EndGlobal
